<?xml version="1.0" encoding="utf-8"?>
<Project ToolsVersion="4.0" xmlns="http://schemas.microsoft.com/developer/msbuild/2003">
  <ItemGroup>
    <Filter Include="源文件">
      <UniqueIdentifier>{4FC737F1-C7A5-4376-A066-2A32D752A2FF}</UniqueIdentifier>
      <Extensions>cpp;c;cc;cxx;def;odl;idl;hpj;bat;asm;asmx</Extensions>
    </Filter>
    <Filter Include="头文件">
      <UniqueIdentifier>{93995380-89BD-4b04-88EB-625FBE52EBFB}</UniqueIdentifier>
      <Extensions>h;hh;hpp;hxx;hm;inl;inc;xsd</Extensions>
    </Filter>
    <Filter Include="头文件\syntax">
      <UniqueIdentifier>{9a837c25-888d-4627-97ac-bd94f3b46dde}</UniqueIdentifier>
    </Filter>
    <Filter Include="头文件\lexer">
      <UniqueIdentifier>{08c72271-29d9-4577-a89f-536d61e96051}</UniqueIdentifier>
    </Filter>
    <Filter Include="头文件\config">
      <UniqueIdentifier>{02fcd077-3899-4c0f-9a65-70682a10132e}</UniqueIdentifier>
    </Filter>
    <Filter Include="源文件\config">
      <UniqueIdentifier>{394cd111-a00d-4e3f-a9e8-a9bac0bdeaba}</UniqueIdentifier>
    </Filter>
    <Filter Include="头文件\lexer\token">
      <UniqueIdentifier>{fda1db42-c708-4574-bac7-409c795ba600}</UniqueIdentifier>
    </Filter>
    <Filter Include="源文件\lexer">
      <UniqueIdentifier>{f8ff1482-6cb4-4586-ad8d-4917dd463d0b}</UniqueIdentifier>
    </Filter>
    <Filter Include="源文件\syntax">
      <UniqueIdentifier>{72cbc5f1-74de-48b3-bd7b-96b9c5978471}</UniqueIdentifier>
    </Filter>
    <Filter Include="头文件\ir">
      <UniqueIdentifier>{313d91e7-1d35-4699-bf8f-adbb896753e1}</UniqueIdentifier>
    </Filter>
    <Filter Include="源文件\ir">
      <UniqueIdentifier>{0d34500b-2599-4b92-b2cc-fc6087523e45}</UniqueIdentifier>
    </Filter>
    <Filter Include="头文件\ir\bytecode">
      <UniqueIdentifier>{2772b667-ceb6-4a99-9f42-5c001d437344}</UniqueIdentifier>
    </Filter>
    <Filter Include="头文件\ir\operands">
      <UniqueIdentifier>{80bd9515-5aac-4e68-a7a3-002aafd5a22f}</UniqueIdentifier>
    </Filter>
    <Filter Include="资源文件">
      <UniqueIdentifier>{67DA6AB6-F800-4c08-8B7A-83BB121AAD01}</UniqueIdentifier>
      <Extensions>rc;ico;cur;bmp;dlg;rc2;rct;bin;rgs;gif;jpg;jpeg;jpe;resx;tiff;tif;png;wav;mfcribbon-ms</Extensions>
    </Filter>
    <Filter Include="资源文件\doc">
      <UniqueIdentifier>{483ac5b1-c2e3-481c-a91f-de4d9643a154}</UniqueIdentifier>
    </Filter>
    <Filter Include="资源文件\config">
      <UniqueIdentifier>{55089265-9b18-4518-91d2-564104b9be7b}</UniqueIdentifier>
    </Filter>
    <Filter Include="源文件\ir\operands">
      <UniqueIdentifier>{9434ac0f-078b-4c21-995d-d28aebdc6d5f}</UniqueIdentifier>
    </Filter>
    <Filter Include="源文件\ir\bytecode">
      <UniqueIdentifier>{2b58396d-a97e-4cb4-88cb-e1a8b55b2a6d}</UniqueIdentifier>
    </Filter>
    <Filter Include="头文件\ir\irgen">
      <UniqueIdentifier>{e17e03c0-81a9-45f3-9920-6e6db2866973}</UniqueIdentifier>
    </Filter>
    <Filter Include="源文件\ir\irgen">
      <UniqueIdentifier>{9a9e175c-f345-4e54-ae54-32755956d76b}</UniqueIdentifier>
    </Filter>
    <Filter Include="头文件\ir\irgen\resource">
      <UniqueIdentifier>{04d12464-e72d-427b-abe3-19af08ac43c4}</UniqueIdentifier>
    </Filter>
    <Filter Include="头文件\ir\object">
      <UniqueIdentifier>{b2d4e46f-9de0-42f1-8e2f-85c4fe2448b2}</UniqueIdentifier>
    </Filter>
    <Filter Include="源文件\ir\object">
      <UniqueIdentifier>{27e08192-a2fe-4b4e-8e79-50c52064e420}</UniqueIdentifier>
    </Filter>
    <Filter Include="源文件\ir\cl_object">
      <UniqueIdentifier>{44e77f65-a989-4473-b2b9-f185ca875ca8}</UniqueIdentifier>
    </Filter>
    <Filter Include="头文件\runtime">
      <UniqueIdentifier>{12ecaed0-601f-4c52-b2e4-69a14fe403a7}</UniqueIdentifier>
    </Filter>
    <Filter Include="源文件\runtime">
      <UniqueIdentifier>{a3100b76-f5a2-4ddc-95bf-d27af89ff5f6}</UniqueIdentifier>
    </Filter>
    <Filter Include="源文件\jit">
      <UniqueIdentifier>{3d01a8bc-3c61-44f1-b62e-ee2fcaeae4b7}</UniqueIdentifier>
    </Filter>
    <Filter Include="头文件\compile">
      <UniqueIdentifier>{9212cb37-4c7a-473b-9042-7e55563e1f66}</UniqueIdentifier>
    </Filter>
    <Filter Include="头文件\ir\bytecode\resource">
      <UniqueIdentifier>{5c769235-0ffe-41a3-87ad-8a5e46fa27ca}</UniqueIdentifier>
    </Filter>
  </ItemGroup>
  <ItemGroup>
    <ClInclude Include="stdafx.h">
      <Filter>头文件</Filter>
    </ClInclude>
    <ClInclude Include="targetver.h">
      <Filter>头文件</Filter>
    </ClInclude>
    <ClInclude Include="Lexer.h">
      <Filter>头文件\lexer</Filter>
    </ClInclude>
    <ClInclude Include="CLObject.h">
      <Filter>头文件\ir\object</Filter>
    </ClInclude>
    <ClInclude Include="Module.h">
      <Filter>头文件\ir\object</Filter>
    </ClInclude>
    <ClInclude Include="Config.h">
      <Filter>头文件\config</Filter>
    </ClInclude>
    <ClInclude Include="ModuleConfig.h">
      <Filter>头文件\config</Filter>
    </ClInclude>
    <ClInclude Include="Token.h">
      <Filter>头文件\lexer\token</Filter>
    </ClInclude>
    <ClInclude Include="Word.h">
      <Filter>头文件\lexer\token</Filter>
    </ClInclude>
    <ClInclude Include="Delimiter.h">
      <Filter>头文件\lexer\token</Filter>
    </ClInclude>
    <ClInclude Include="Integer.h">
      <Filter>头文件\lexer\token</Filter>
    </ClInclude>
    <ClInclude Include="Float.h">
      <Filter>头文件\lexer\token</Filter>
    </ClInclude>
    <ClInclude Include="String.h">
      <Filter>头文件\lexer\token</Filter>
    </ClInclude>
    <ClInclude Include="ResizableBuffer.h">
      <Filter>头文件\lexer</Filter>
    </ClInclude>
    <ClInclude Include="Trie.h">
      <Filter>头文件\lexer</Filter>
    </ClInclude>
    <ClInclude Include="KeywordTrie.h">
      <Filter>头文件\lexer</Filter>
    </ClInclude>
    <ClInclude Include="StringParser.h">
      <Filter>头文件\lexer</Filter>
    </ClInclude>
    <ClInclude Include="DelimiterParser.h">
      <Filter>头文件\lexer</Filter>
    </ClInclude>
    <ClInclude Include="utils.h">
      <Filter>头文件</Filter>
    </ClInclude>
    <ClInclude Include="TreeBuilderNode.h">
      <Filter>头文件\syntax</Filter>
    </ClInclude>
    <ClInclude Include="Syntax.h">
      <Filter>头文件\syntax</Filter>
    </ClInclude>
    <ClInclude Include="Tutils.h">
      <Filter>头文件\syntax</Filter>
    </ClInclude>
    <ClInclude Include="TreeMeta.h">
      <Filter>头文件\syntax</Filter>
    </ClInclude>
    <ClInclude Include="Tree.h">
      <Filter>头文件\syntax</Filter>
    </ClInclude>
    <ClInclude Include="ColdLangFrontEnv.h">
      <Filter>头文件</Filter>
    </ClInclude>
    <ClInclude Include="NumberParser.h">
      <Filter>头文件\lexer</Filter>
    </ClInclude>
    <ClInclude Include="TokenException.h">
      <Filter>头文件\lexer\token</Filter>
    </ClInclude>
    <ClInclude Include="BadSyntaxException.h">
      <Filter>头文件\syntax</Filter>
    </ClInclude>
    <ClInclude Include="BytecodeClass.h">
      <Filter>头文件\ir\bytecode</Filter>
    </ClInclude>
    <ClInclude Include="BytecodeOperandTypes.h">
      <Filter>头文件\ir\bytecode</Filter>
    </ClInclude>
    <ClInclude Include="Variable.h">
      <Filter>头文件\ir\operands</Filter>
    </ClInclude>
    <ClInclude Include="Literal.h">
      <Filter>头文件\ir\operands</Filter>
    </ClInclude>
    <ClInclude Include="Symbol.h">
      <Filter>头文件\ir\operands</Filter>
    </ClInclude>
    <ClInclude Include="BytecodeWriter.h">
      <Filter>头文件\ir\bytecode</Filter>
    </ClInclude>
    <ClInclude Include="BytecodeBase.h">
      <Filter>头文件\ir\bytecode</Filter>
    </ClInclude>
    <ClInclude Include="BytecodeDumper.h">
      <Filter>头文件\ir\bytecode</Filter>
    </ClInclude>
    <ClInclude Include="ColdLangBackend.h">
      <Filter>头文件</Filter>
    </ClInclude>
    <ClInclude Include="Label.h">
      <Filter>头文件\ir\operands</Filter>
    </ClInclude>
    <ClInclude Include="IRGenerator.h">
      <Filter>头文件\ir\irgen</Filter>
    </ClInclude>
    <ClInclude Include="SymbolException.h">
      <Filter>头文件\ir\irgen</Filter>
    </ClInclude>
    <ClInclude Include="TempTable.h">
      <Filter>头文件\ir\irgen</Filter>
    </ClInclude>
    <ClInclude Include="FunctionTable.h">
      <Filter>头文件\ir\irgen</Filter>
    </ClInclude>
    <ClInclude Include="SymbolTable.h">
      <Filter>头文件\ir\irgen</Filter>
    </ClInclude>
    <ClInclude Include="LiteralTable.h">
      <Filter>头文件\ir\irgen</Filter>
    </ClInclude>
    <ClInclude Include="ConstantTable.h">
      <Filter>头文件\ir\irgen</Filter>
    </ClInclude>
    <ClInclude Include="NativeSymbol.h">
      <Filter>头文件\ir\operands</Filter>
    </ClInclude>
    <ClInclude Include="NativeFunction.h">
      <Filter>头文件\ir\operands</Filter>
    </ClInclude>
    <ClInclude Include="native_functions.h">
      <Filter>头文件\runtime</Filter>
    </ClInclude>
    <ClInclude Include="RuntimeObject.h">
      <Filter>头文件\runtime</Filter>
    </ClInclude>
    <ClInclude Include="BytecodeReader.h">
      <Filter>头文件\ir\bytecode</Filter>
    </ClInclude>
    <ClInclude Include="BytecodeVectorReader.h">
      <Filter>头文件\ir\bytecode</Filter>
    </ClInclude>
    <ClInclude Include="BytecodeByteDump.h">
      <Filter>头文件\ir\bytecode</Filter>
    </ClInclude>
    <ClInclude Include="BytecodeVectorWriter.h">
      <Filter>头文件\ir\bytecode</Filter>
    </ClInclude>
    <ClInclude Include="BytecodeLength.h">
      <Filter>头文件\ir\bytecode</Filter>
    </ClInclude>
    <ClInclude Include="Jit.h">
      <Filter>头文件\compile</Filter>
    </ClInclude>
    <ClInclude Include="Function.h">
      <Filter>头文件\ir\object</Filter>
    </ClInclude>
    <ClInclude Include="Constant.h">
      <Filter>头文件\ir\operands</Filter>
    </ClInclude>
    <ClInclude Include="TypeCalc.h">
      <Filter>头文件\runtime</Filter>
    </ClInclude>
    <ClInclude Include="BasicBlock.h">
      <Filter>头文件\ir\bytecode</Filter>
    </ClInclude>
    <ClInclude Include="BytecodeArgumentDump.h">
      <Filter>头文件\ir\bytecode</Filter>
    </ClInclude>
    <ClInclude Include="TypedBlockCompilerCaller.h">
      <Filter>头文件\compile</Filter>
    </ClInclude>
    <ClInclude Include="Compiler.h">
      <Filter>头文件\compile</Filter>
    </ClInclude>
    <ClInclude Include="MiscellaneousBytecodeInfoGetters.h">
      <Filter>头文件\ir\bytecode</Filter>
    </ClInclude>
    <ClInclude Include="DumpingCompiler.h">
      <Filter>头文件\compile</Filter>
    </ClInclude>
  </ItemGroup>
  <ItemGroup>
    <ClCompile Include="stdafx.cpp">
      <Filter>源文件</Filter>
    </ClCompile>
    <ClCompile Include="coldlang.cpp">
      <Filter>源文件</Filter>
    </ClCompile>
    <ClCompile Include="CLObject.cpp">
      <Filter>源文件\ir\cl_object</Filter>
    </ClCompile>
    <ClCompile Include="Config.cpp">
      <Filter>源文件\config</Filter>
    </ClCompile>
    <ClCompile Include="Module.cpp">
      <Filter>源文件\ir\object</Filter>
    </ClCompile>
    <ClCompile Include="LexerConfig.cpp">
      <Filter>源文件\lexer</Filter>
    </ClCompile>
    <ClCompile Include="ModuleConfig.cpp">
      <Filter>源文件\ir\object</Filter>
    </ClCompile>
    <ClCompile Include="Lexer.cpp">
      <Filter>源文件\lexer</Filter>
    </ClCompile>
    <ClCompile Include="StringParser.cpp">
      <Filter>源文件\lexer</Filter>
    </ClCompile>
    <ClCompile Include="DelimiterParser.cpp">
      <Filter>源文件\lexer</Filter>
    </ClCompile>
    <ClCompile Include="TreeBuilder.cpp">
      <Filter>源文件\syntax</Filter>
    </ClCompile>
    <ClCompile Include="Syntax.cpp">
      <Filter>源文件\syntax</Filter>
    </ClCompile>
    <ClCompile Include="Tutils.cpp">
      <Filter>源文件\syntax</Filter>
    </ClCompile>
    <ClCompile Include="TreeMeta.cpp">
      <Filter>源文件\syntax</Filter>
    </ClCompile>
    <ClCompile Include="Tree.cpp">
      <Filter>源文件\syntax</Filter>
    </ClCompile>
    <ClCompile Include="TreeUnitBuilder.cpp">
      <Filter>源文件\syntax</Filter>
    </ClCompile>
    <ClCompile Include="ColdLangFrontEnv.cpp">
      <Filter>源文件</Filter>
    </ClCompile>
    <ClCompile Include="NumberParser.cpp">
      <Filter>源文件\lexer</Filter>
    </ClCompile>
    <ClCompile Include="Symbol.cpp">
      <Filter>源文件\ir\operands</Filter>
    </ClCompile>
    <ClCompile Include="BytecodeClass.cpp">
      <Filter>源文件\ir\bytecode</Filter>
    </ClCompile>
    <ClCompile Include="ColdLangBackend.cpp">
      <Filter>源文件</Filter>
    </ClCompile>
    <ClCompile Include="Label.cpp">
      <Filter>源文件\ir\operands</Filter>
    </ClCompile>
    <ClCompile Include="IRBinaryGenerator.cpp">
      <Filter>源文件\ir\irgen</Filter>
    </ClCompile>
    <ClCompile Include="IRFunctionGenerator.cpp">
      <Filter>源文件\ir\irgen</Filter>
    </ClCompile>
    <ClCompile Include="IRGenerator.cpp">
      <Filter>源文件\ir\irgen</Filter>
    </ClCompile>
    <ClCompile Include="SymbolTable.cpp">
      <Filter>源文件\ir\irgen</Filter>
    </ClCompile>
    <ClCompile Include="Variable.cpp">
      <Filter>源文件\ir\operands</Filter>
    </ClCompile>
    <ClCompile Include="TempTable.cpp">
      <Filter>源文件\ir\irgen</Filter>
    </ClCompile>
    <ClCompile Include="FunctionTable.cpp">
      <Filter>源文件\ir\irgen</Filter>
    </ClCompile>
    <ClCompile Include="LiteralTable.cpp">
      <Filter>源文件\ir\irgen</Filter>
    </ClCompile>
    <ClCompile Include="ConstantTable.cpp">
      <Filter>源文件</Filter>
    </ClCompile>
    <ClCompile Include="native_functions.cpp">
      <Filter>源文件\runtime</Filter>
    </ClCompile>
    <ClCompile Include="BytecodeVectorReader.cpp">
      <Filter>源文件\ir\bytecode</Filter>
    </ClCompile>
    <ClCompile Include="BytecodeLength.cpp">
      <Filter>源文件\ir\bytecode</Filter>
    </ClCompile>
    <ClCompile Include="Jit.cpp">
      <Filter>源文件\jit</Filter>
    </ClCompile>
    <ClCompile Include="Function.cpp">
      <Filter>源文件\ir\cl_object</Filter>
    </ClCompile>
    <ClCompile Include="IRStatementGenerator.cpp">
      <Filter>源文件\ir\irgen</Filter>
    </ClCompile>
    <ClCompile Include="BasicBlock.cpp">
      <Filter>源文件\ir\irgen</Filter>
    </ClCompile>
    <ClCompile Include="TypedBlockCompilerCaller.cpp">
      <Filter>源文件\jit</Filter>
    </ClCompile>
  </ItemGroup>
  <ItemGroup>
    <None Include="module.json">
      <Filter>资源文件\config</Filter>
    </None>
    <None Include="BytecodeClassGen.py">
      <Filter>头文件\ir\bytecode\resource</Filter>
    </None>
    <None Include="TypeCalcGen.py">
      <Filter>头文件\runtime</Filter>
    </None>
  </ItemGroup>
  <ItemGroup>
    <Text Include="syntax_definition.md">
      <Filter>资源文件\doc</Filter>
    </Text>
    <Text Include="BinaryIRGeneratorGenerator.py">
      <Filter>头文件\ir\irgen\resource</Filter>
    </Text>
  </ItemGroup>
</Project>